// !$*UTF8*$!
{
	archiveVersion = 1;
	classes = {
	};
	objectVersion = 46;
	objects = {

/* Begin PBXBuildFile section */
		D9F7D15D1F315AA0001C0109 /* AppDelegate.swift in Sources */ = {isa = PBXBuildFile; fileRef = D9F7D15C1F315AA0001C0109 /* AppDelegate.swift */; };
		D9F7D15F1F315AA0001C0109 /* ViewController.swift in Sources */ = {isa = PBXBuildFile; fileRef = D9F7D15E1F315AA0001C0109 /* ViewController.swift */; };
		D9F7D1621F315AA1001C0109 /* Main.storyboard in Resources */ = {isa = PBXBuildFile; fileRef = D9F7D1601F315AA1001C0109 /* Main.storyboard */; };
		D9F7D1641F315AA1001C0109 /* Assets.xcassets in Resources */ = {isa = PBXBuildFile; fileRef = D9F7D1631F315AA1001C0109 /* Assets.xcassets */; };
		D9F7D1671F315AA1001C0109 /* LaunchScreen.storyboard in Resources */ = {isa = PBXBuildFile; fileRef = D9F7D1651F315AA1001C0109 /* LaunchScreen.storyboard */; };
/* End PBXBuildFile section */

/* Begin PBXFileReference section */
		D9F7D1591F315AA0001C0109 /* DesignLayoutKitSample.app */ = {isa = PBXFileReference; explicitFileType = wrapper.application; includeInIndex = 0; path = DesignLayoutKitSample.app; sourceTree = BUILT_PRODUCTS_DIR; };
		D9F7D15C1F315AA0001C0109 /* AppDelegate.swift */ = {isa = PBXFileReference; lastKnownFileType = sourcecode.swift; path = AppDelegate.swift; sourceTree = "<group>"; };
		D9F7D15E1F315AA0001C0109 /* ViewController.swift */ = {isa = PBXFileReference; lastKnownFileType = sourcecode.swift; path = ViewController.swift; sourceTree = "<group>"; };
		D9F7D1611F315AA1001C0109 /* Base */ = {isa = PBXFileReference; lastKnownFileType = file.storyboard; name = Base; path = Base.lproj/Main.storyboard; sourceTree = "<group>"; };
		D9F7D1631F315AA1001C0109 /* Assets.xcassets */ = {isa = PBXFileReference; lastKnownFileType = folder.assetcatalog; path = Assets.xcassets; sourceTree = "<group>"; };
		D9F7D1661F315AA1001C0109 /* Base */ = {isa = PBXFileReference; lastKnownFileType = file.storyboard; name = Base; path = Base.lproj/LaunchScreen.storyboard; sourceTree = "<group>"; };
		D9F7D1681F315AA1001C0109 /* Info.plist */ = {isa = PBXFileReference; lastKnownFileType = text.plist.xml; path = Info.plist; sourceTree = "<group>"; };
/* End PBXFileReference section */

/* Begin PBXFrameworksBuildPhase section */
		D9F7D1561F315AA0001C0109 /* Frameworks */ = {
			isa = PBXFrameworksBuildPhase;
			buildActionMask = 2147483647;
			files = (
			);
			runOnlyForDeploymentPostprocessing = 0;
		};
/* End PBXFrameworksBuildPhase section */

/* Begin PBXGroup section */
		D9F7D1501F315AA0001C0109 = {
			isa = PBXGroup;
			children = (
				D9F7D15B1F315AA0001C0109 /* DesignLayoutKitSample */,
				D9F7D15A1F315AA0001C0109 /* Products */,
			);
			sourceTree = "<group>";
		};
		D9F7D15A1F315AA0001C0109 /* Products */ = {
			isa = PBXGroup;
			children = (
				D9F7D1591F315AA0001C0109 /* DesignLayoutKitSample.app */,
			);
			name = Products;
			sourceTree = "<group>";
		};
		D9F7D15B1F315AA0001C0109 /* DesignLayoutKitSample */ = {
			isa = PBXGroup;
			children = (
				D9F7D15C1F315AA0001C0109 /* AppDelegate.swift */,
				D9F7D15E1F315AA0001C0109 /* ViewController.swift */,
				D9F7D1601F315AA1001C0109 /* Main.storyboard */,
				D9F7D1631F315AA1001C0109 /* Assets.xcassets */,
				D9F7D1651F315AA1001C0109 /* LaunchScreen.storyboard */,
				D9F7D1681F315AA1001C0109 /* Info.plist */,
			);
			path = DesignLayoutKitSample;
			sourceTree = "<group>";
		};
/* End PBXGroup section */

/* Begin PBXNativeTarget section */
		D9F7D1581F315AA0001C0109 /* DesignLayoutKitSample */ = {
			isa = PBXNativeTarget;
			buildConfigurationList = D9F7D16B1F315AA1001C0109 /* Build configuration list for PBXNativeTarget "DesignLayoutKitSample" */;
			buildPhases = (
				D9F7D1551F315AA0001C0109 /* Sources */,
				D9F7D1561F315AA0001C0109 /* Frameworks */,
				D9F7D1571F315AA0001C0109 /* Resources */,
			);
			buildRules = (
			);
			dependencies = (
			);
			name = DesignLayoutKitSample;
			productName = DesignLayoutKitSample;
			productReference = D9F7D1591F315AA0001C0109 /* DesignLayoutKitSample.app */;
			productType = "com.apple.product-type.application";
		};
/* End PBXNativeTarget section */

/* Begin PBXProject section */
		D9F7D1511F315AA0001C0109 /* Project object */ = {
			isa = PBXProject;
			attributes = {
				LastSwiftUpdateCheck = 0830;
				LastUpgradeCheck = 0830;
				ORGANIZATIONNAME = "平松　亮介";
				TargetAttributes = {
					D9F7D1581F315AA0001C0109 = {
						CreatedOnToolsVersion = 8.3.3;
						DevelopmentTeam = 8C4E2GHE7U;
						ProvisioningStyle = Automatic;
					};
				};
			};
			buildConfigurationList = D9F7D1541F315AA0001C0109 /* Build configuration list for PBXProject "DesignLayoutKitSample" */;
			compatibilityVersion = "Xcode 3.2";
			developmentRegion = English;
			hasScannedForEncodings = 0;
			knownRegions = (
				en,
				Base,
			);
			mainGroup = D9F7D1501F315AA0001C0109;
			productRefGroup = D9F7D15A1F315AA0001C0109 /* Products */;
			projectDirPath = "";
			projectRoot = "";
			targets = (
				D9F7D1581F315AA0001C0109 /* DesignLayoutKitSample */,
			);
		};
/* End PBXProject section */

/* Begin PBXResourcesBuildPhase section */
		D9F7D1571F315AA0001C0109 /* Resources */ = {
			isa = PBXResourcesBuildPhase;
			buildActionMask = 2147483647;
			files = (
				D9F7D1671F315AA1001C0109 /* LaunchScreen.storyboard in Resources */,
				D9F7D1641F315AA1001C0109 /* Assets.xcassets in Resources */,
				D9F7D1621F315AA1001C0109 /* Main.storyboard in Resources */,
			);
			runOnlyForDeploymentPostprocessing = 0;
		};
/* End PBXResourcesBuildPhase section */

/* Begin PBXSourcesBuildPhase section */
		D9F7D1551F315AA0001C0109 /* Sources */ = {
			isa = PBXSourcesBuildPhase;
			buildActionMask = 2147483647;
			files = (
				D9F7D15F1F315AA0001C0109 /* ViewController.swift in Sources */,
				D9F7D15D1F315AA0001C0109 /* AppDelegate.swift in Sources */,
			);
			runOnlyForDeploymentPostprocessing = 0;
		};
/* End PBXSourcesBuildPhase section */

/* Begin PBXVariantGroup section */
		D9F7D1601F315AA1001C0109 /* Main.storyboard */ = {
			isa = PBXVariantGroup;
			children = (
				D9F7D1611F315AA1001C0109 /* Base */,
			);
			name = Main.storyboard;
			sourceTree = "<group>";
		};
		D9F7D1651F315AA1001C0109 /* LaunchScreen.storyboard */ = {
			isa = PBXVariantGroup;
			children = (
				D9F7D1661F315AA1001C0109 /* Base */,
			);
			name = LaunchScreen.storyboard;
			sourceTree = "<group>";
		};
/* End PBXVariantGroup section */

/* Begin XCBuildConfiguration section */
		D9F7D1691F315AA1001C0109 /* Debug */ = {
			isa = XCBuildConfiguration;
			buildSettings = {
				ALWAYS_SEARCH_USER_PATHS = NO;
				CLANG_ANALYZER_NONNULL = YES;
				CLANG_ANALYZER_NUMBER_OBJECT_CONVERSION = YES_AGGRESSIVE;
				CLANG_CXX_LANGUAGE_STANDARD = "gnu++0x";
				CLANG_CXX_LIBRARY = "libc++";
				CLANG_ENABLE_MODULES = YES;
				CLANG_ENABLE_OBJC_ARC = YES;
				CLANG_WARN_BOOL_CONVERSION = YES;
				CLANG_WARN_CONSTANT_CONVERSION = YES;
				CLANG_WARN_DIRECT_OBJC_ISA_USAGE = YES_ERROR;
				CLANG_WARN_DOCUMENTATION_COMMENTS = YES;
				CLANG_WARN_EMPTY_BODY = YES;
				CLANG_WARN_ENUM_CONVERSION = YES;
				CLANG_WARN_INFINITE_RECURSION = YES;
				CLANG_WARN_INT_CONVERSION = YES;
				CLANG_WARN_OBJC_ROOT_CLASS = YES_ERROR;
				CLANG_WARN_SUSPICIOUS_MOVE = YES;
				CLANG_WARN_UNREACHABLE_CODE = YES;
				CLANG_WARN__DUPLICATE_METHOD_MATCH = YES;
				"CODE_SIGN_IDENTITY[sdk=iphoneos*]" = "iPhone Developer";
				COPY_PHASE_STRIP = NO;
				DEBUG_INFORMATION_FORMAT = dwarf;
				ENABLE_STRICT_OBJC_MSGSEND = YES;
				ENABLE_TESTABILITY = YES;
				GCC_C_LANGUAGE_STANDARD = gnu99;
				GCC_DYNAMIC_NO_PIC = NO;
				GCC_NO_COMMON_BLOCKS = YES;
				GCC_OPTIMIZATION_LEVEL = 0;
				GCC_PREPROCESSOR_DEFINITIONS = (
					"DEBUG=1",
					"$(inherited)",
				);
				GCC_WARN_64_TO_32_BIT_CONVERSION = YES;
				GCC_WARN_ABOUT_RETURN_TYPE = YES_ERROR;
				GCC_WARN_UNDECLARED_SELECTOR = YES;
				GCC_WARN_UNINITIALIZED_AUTOS = YES_AGGRESSIVE;
				GCC_WARN_UNUSED_FUNCTION = YES;
				GCC_WARN_UNUSED_VARIABLE = YES;
				IPHONEOS_DEPLOYMENT_TARGET = 10.3;
				MTL_ENABLE_DEBUG_INFO = YES;
				ONLY_ACTIVE_ARCH = YES;
				SDKROOT = iphoneos;
				SWIFT_ACTIVE_COMPILATION_CONDITIONS = DEBUG;
				SWIFT_OPTIMIZATION_LEVEL = "-Onone";
				TARGETED_DEVICE_FAMILY = "1,2";
			};
			name = Debug;
		};
		D9F7D16A1F315AA1001C0109 /* Release */ = {
			isa = XCBuildConfiguration;
			buildSettings = {
				ALWAYS_SEARCH_USER_PATHS = NO;
				CLANG_ANALYZER_NONNULL = YES;
				CLANG_ANALYZER_NUMBER_OBJECT_CONVERSION = YES_AGGRESSIVE;
				CLANG_CXX_LANGUAGE_STANDARD = "gnu++0x";
				CLANG_CXX_LIBRARY = "libc++";
				CLANG_ENABLE_MODULES = YES;
				CLANG_ENABLE_OBJC_ARC = YES;
				CLANG_WARN_BOOL_CONVERSION = YES;
				CLANG_WARN_CONSTANT_CONVERSION = YES;
				CLANG_WARN_DIRECT_OBJC_ISA_USAGE = YES_ERROR;
				CLANG_WARN_DOCUMENTATION_COMMENTS = YES;
				CLANG_WARN_EMPTY_BODY = YES;
				CLANG_WARN_ENUM_CONVERSION = YES;
				CLANG_WARN_INFINITE_RECURSION = YES;
				CLANG_WARN_INT_CONVERSION = YES;
				CLANG_WARN_OBJC_ROOT_CLASS = YES_ERROR;
				CLANG_WARN_SUSPICIOUS_MOVE = YES;
				CLANG_WARN_UNREACHABLE_CODE = YES;
				CLANG_WARN__DUPLICATE_METHOD_MATCH = YES;
				"CODE_SIGN_IDENTITY[sdk=iphoneos*]" = "iPhone Developer";
				COPY_PHASE_STRIP = NO;
				DEBUG_INFORMATION_FORMAT = "dwarf-with-dsym";
				ENABLE_NS_ASSERTIONS = NO;
				ENABLE_STRICT_OBJC_MSGSEND = YES;
				GCC_C_LANGUAGE_STANDARD = gnu99;
				GCC_NO_COMMON_BLOCKS = YES;
				GCC_WARN_64_TO_32_BIT_CONVERSION = YES;
				GCC_WARN_ABOUT_RETURN_TYPE = YES_ERROR;
				GCC_WARN_UNDECLARED_SELECTOR = YES;
				GCC_WARN_UNINITIALIZED_AUTOS = YES_AGGRESSIVE;
				GCC_WARN_UNUSED_FUNCTION = YES;
				GCC_WARN_UNUSED_VARIABLE = YES;
				IPHONEOS_DEPLOYMENT_TARGET = 10.3;
				MTL_ENABLE_DEBUG_INFO = NO;
				SDKROOT = iphoneos;
				SWIFT_OPTIMIZATION_LEVEL = "-Owholemodule";
				TARGETED_DEVICE_FAMILY = "1,2";
				VALIDATE_PRODUCT = YES;
			};
			name = Release;
		};
		D9F7D16C1F315AA1001C0109 /* Debug */ = {
			isa = XCBuildConfiguration;
			buildSettings = {
				ASSETCATALOG_COMPILER_APPICON_NAME = AppIcon;
				DEVELOPMENT_TEAM = 8C4E2GHE7U;
				INFOPLIST_FILE = DesignLayoutKitSample/Info.plist;
				LD_RUNPATH_SEARCH_PATHS = "$(inherited) @executable_path/Frameworks";
				PRODUCT_BUNDLE_IDENTIFIER = jp.co.test.DesignLayoutKitSample;
				PRODUCT_NAME = "$(TARGET_NAME)";
				SWIFT_VERSION = 3.0;
			};
			name = Debug;
		};
		D9F7D16D1F315AA1001C0109 /* Release */ = {
			isa = XCBuildConfiguration;
			buildSettings = {
				ASSETCATALOG_COMPILER_APPICON_NAME = AppIcon;
				DEVELOPMENT_TEAM = 8C4E2GHE7U;
				INFOPLIST_FILE = DesignLayoutKitSample/Info.plist;
				LD_RUNPATH_SEARCH_PATHS = "$(inherited) @executable_path/Frameworks";
				PRODUCT_BUNDLE_IDENTIFIER = jp.co.test.DesignLayoutKitSample;
				PRODUCT_NAME = "$(TARGET_NAME)";
				SWIFT_VERSION = 3.0;
			};
			name = Release;
		};
/* End XCBuildConfiguration section */

/* Begin XCConfigurationList section */
		D9F7D1541F315AA0001C0109 /* Build configuration list for PBXProject "DesignLayoutKitSample" */ = {
			isa = XCConfigurationList;
			buildConfigurations = (
				D9F7D1691F315AA1001C0109 /* Debug */,
				D9F7D16A1F315AA1001C0109 /* Release */,
			);
			defaultConfigurationIsVisible = 0;
			defaultConfigurationName = Release;
		};
		D9F7D16B1F315AA1001C0109 /* Build configuration list for PBXNativeTarget "DesignLayoutKitSample" */ = {
			isa = XCConfigurationList;
			buildConfigurations = (
				D9F7D16C1F315AA1001C0109 /* Debug */,
				D9F7D16D1F315AA1001C0109 /* Release */,
			);
			defaultConfigurationIsVisible = 0;
		};
/* End XCConfigurationList section */
	};
	rootObject = D9F7D1511F315AA0001C0109 /* Project object */;
}
